Microsoft Visual Studio Solution File, Format Version 12.00
# Visual Studio Version 17
VisualStudioVersion = 17.5.2.0
MinimumVisualStudioVersion = 10.0.40219.1
Project("{FAE04EC0-301F-11D3-BF4B-00C04F79EFBC}") = "MiniDevTo", "MiniDevTo.csproj", "{4628A8EF-DDD4-D768-10F7-8EA0C0DECC2D}"
EndProject
Global
	GlobalSection(SolutionConfigurationPlatforms) = preSolution
		Debug|Any CPU = Debug|Any CPU
		Release|Any CPU = Release|Any CPU
	EndGlobalSection
	GlobalSection(ProjectConfigurationPlatforms) = postSolution
		{4628A8EF-DDD4-D768-10F7-8EA0C0DECC2D}.Debug|Any CPU.ActiveCfg = Debug|Any CPU
		{4628A8EF-DDD4-D768-10F7-8EA0C0DECC2D}.Debug|Any CPU.Build.0 = Debug|Any CPU
		{4628A8EF-DDD4-D768-10F7-8EA0C0DECC2D}.Release|Any CPU.ActiveCfg = Release|Any CPU
		{4628A8EF-DDD4-D768-10F7-8EA0C0DECC2D}.Release|Any CPU.Build.0 = Release|Any CPU
	EndGlobalSection
	GlobalSection(SolutionProperties) = preSolution
		HideSolutionNode = FALSE
	EndGlobalSection
	GlobalSection(ExtensibilityGlobals) = postSolution
		SolutionGuid = {45774B28-E1F4-4E70-A930-96014AE5F7D1}
	EndGlobalSection
EndGlobal
